PODS:
  - BDScrollView (0.1.7):
    - MJRefresh
  - MJRefresh (3.1.12)

DEPENDENCIES:
  - BDScrollView

SPEC CHECKSUMS:
  BDScrollView: 16fb2ebca426866c7d3f0690d5992d0e0d651ae6
  MJRefresh: b96cdb21c4aa75a7b07654311ab2f315c497e806

PODFILE CHECKSUM: d8c87db40c2d8c911646a3c1f977921129fb40de

COCOAPODS: 1.2.1
