PODS:
  - BDScrollView (0.1.6):
    - MJRefresh
  - MJRefresh (3.1.12)

DEPENDENCIES:
  - BDScrollView

SPEC CHECKSUMS:
  BDScrollView: b9799fe72853718b5d59eeef16a713e246be8b5e
  MJRefresh: b96cdb21c4aa75a7b07654311ab2f315c497e806

PODFILE CHECKSUM: d8c87db40c2d8c911646a3c1f977921129fb40de

COCOAPODS: 1.2.1
